
Microsoft Visual Studio Solution File, Format Version 12.00
# Visual Studio Version 16
VisualStudioVersion = 16.0.30611.23
MinimumVisualStudioVersion = 10.0.40219.1
Project("{FAE04EC0-301F-11D3-BF4B-00C04F79EFBC}") = "TelBookWebApplication", "TelBookWebApplication\TelBookWebApplication.csproj", "{30F373C4-F2F7-4066-8859-4238EC862960}"
EndProject
Global
	GlobalSection(SolutionConfigurationPlatforms) = preSolution
		Debug|Any CPU = Debug|Any CPU
		Release|Any CPU = Release|Any CPU
	EndGlobalSection
	GlobalSection(ProjectConfigurationPlatforms) = postSolution
		{30F373C4-F2F7-4066-8859-4238EC862960}.Debug|Any CPU.ActiveCfg = Debug|Any CPU
		{30F373C4-F2F7-4066-8859-4238EC862960}.Debug|Any CPU.Build.0 = Debug|Any CPU
		{30F373C4-F2F7-4066-8859-4238EC862960}.Release|Any CPU.ActiveCfg = Release|Any CPU
		{30F373C4-F2F7-4066-8859-4238EC862960}.Release|Any CPU.Build.0 = Release|Any CPU
	EndGlobalSection
	GlobalSection(SolutionProperties) = preSolution
		HideSolutionNode = FALSE
	EndGlobalSection
	GlobalSection(ExtensibilityGlobals) = postSolution
		SolutionGuid = {F90421E8-D35F-4165-8A3A-AB325BF7D02B}
	EndGlobalSection
EndGlobal
